
Microsoft Visual Studio Solution File, Format Version 12.00
# Visual Studio Version 17
VisualStudioVersion = 17.13.35806.99 d17.13
MinimumVisualStudioVersion = 10.0.40219.1
Project("{FAE04EC0-301F-11D3-BF4B-00C04F79EFBC}") = "WebApplication2", "WebApplication2\WebApplication2.csproj", "{0D363A47-A636-4D00-A07A-BE7477E9D357}"
EndProject
Global
	GlobalSection(SolutionConfigurationPlatforms) = preSolution
		Debug|Any CPU = Debug|Any CPU
		Release|Any CPU = Release|Any CPU
	EndGlobalSection
	GlobalSection(ProjectConfigurationPlatforms) = postSolution
		{0D363A47-A636-4D00-A07A-BE7477E9D357}.Debug|Any CPU.ActiveCfg = Debug|Any CPU
		{0D363A47-A636-4D00-A07A-BE7477E9D357}.Debug|Any CPU.Build.0 = Debug|Any CPU
		{0D363A47-A636-4D00-A07A-BE7477E9D357}.Release|Any CPU.ActiveCfg = Release|Any CPU
		{0D363A47-A636-4D00-A07A-BE7477E9D357}.Release|Any CPU.Build.0 = Release|Any CPU
	EndGlobalSection
	GlobalSection(SolutionProperties) = preSolution
		HideSolutionNode = FALSE
	EndGlobalSection
	GlobalSection(ExtensibilityGlobals) = postSolution
		SolutionGuid = {B6B91FC2-740D-420C-B2A9-1189D67F8B27}
	EndGlobalSection
EndGlobal
